
Microsoft Visual Studio Solution File, Format Version 12.00
# Visual Studio Version 17
VisualStudioVersion = 17.9.34728.123
MinimumVisualStudioVersion = 10.0.40219.1
Project("{FAE04EC0-301F-11D3-BF4B-00C04F79EFBC}") = "VolleyBizWebApi", "VolleyBizWebApi\VolleyBizWebApi.csproj", "{0AB2C00F-F933-47FF-9F1C-9BF47CBCBBCB}"
EndProject
Global
	GlobalSection(SolutionConfigurationPlatforms) = preSolution
		Debug|Any CPU = Debug|Any CPU
		Release|Any CPU = Release|Any CPU
	EndGlobalSection
	GlobalSection(ProjectConfigurationPlatforms) = postSolution
		{0AB2C00F-F933-47FF-9F1C-9BF47CBCBBCB}.Debug|Any CPU.ActiveCfg = Debug|Any CPU
		{0AB2C00F-F933-47FF-9F1C-9BF47CBCBBCB}.Debug|Any CPU.Build.0 = Debug|Any CPU
		{0AB2C00F-F933-47FF-9F1C-9BF47CBCBBCB}.Release|Any CPU.ActiveCfg = Release|Any CPU
		{0AB2C00F-F933-47FF-9F1C-9BF47CBCBBCB}.Release|Any CPU.Build.0 = Release|Any CPU
	EndGlobalSection
	GlobalSection(SolutionProperties) = preSolution
		HideSolutionNode = FALSE
	EndGlobalSection
	GlobalSection(ExtensibilityGlobals) = postSolution
		SolutionGuid = {B98E3D28-25A2-4CB6-996F-F52D1AF15FA9}
	EndGlobalSection
EndGlobal
